
Microsoft Visual Studio Solution File, Format Version 12.00
# Visual Studio Version 17
VisualStudioVersion = 17.8.34525.116
MinimumVisualStudioVersion = 10.0.40219.1
Project("{9A19103F-16F7-4668-BE54-9A1E7A4F7556}") = "EventBaseClient", "EventBaseClient.csproj", "{92C2EA52-334E-41C9-9DFA-2A3359E9D029}"
EndProject
Global
	GlobalSection(SolutionConfigurationPlatforms) = preSolution
		Debug|Any CPU = Debug|Any CPU
		Release|Any CPU = Release|Any CPU
	EndGlobalSection
	GlobalSection(ProjectConfigurationPlatforms) = postSolution
		{92C2EA52-334E-41C9-9DFA-2A3359E9D029}.Debug|Any CPU.ActiveCfg = Debug|Any CPU
		{92C2EA52-334E-41C9-9DFA-2A3359E9D029}.Debug|Any CPU.Build.0 = Debug|Any CPU
		{92C2EA52-334E-41C9-9DFA-2A3359E9D029}.Release|Any CPU.ActiveCfg = Release|Any CPU
		{92C2EA52-334E-41C9-9DFA-2A3359E9D029}.Release|Any CPU.Build.0 = Release|Any CPU
	EndGlobalSection
	GlobalSection(SolutionProperties) = preSolution
		HideSolutionNode = FALSE
	EndGlobalSection
	GlobalSection(ExtensibilityGlobals) = postSolution
		SolutionGuid = {45618A32-68C5-4C5F-BE5D-7041D45ACC8E}
	EndGlobalSection
EndGlobal
